
Microsoft Visual Studio Solution File, Format Version 12.00
# Visual Studio Version 17
VisualStudioVersion = 17.11.35312.102
MinimumVisualStudioVersion = 10.0.40219.1
Project("{9A19103F-16F7-4668-BE54-9A1E7A4F7556}") = "LinQTest", "EFCore\LinQTest.csproj", "{BC7F5E32-3F23-418A-8DEB-4F50CE332EFC}"
EndProject
Global
	GlobalSection(SolutionConfigurationPlatforms) = preSolution
		Debug|Any CPU = Debug|Any CPU
		Release|Any CPU = Release|Any CPU
	EndGlobalSection
	GlobalSection(ProjectConfigurationPlatforms) = postSolution
		{BC7F5E32-3F23-418A-8DEB-4F50CE332EFC}.Debug|Any CPU.ActiveCfg = Debug|Any CPU
		{BC7F5E32-3F23-418A-8DEB-4F50CE332EFC}.Debug|Any CPU.Build.0 = Debug|Any CPU
		{BC7F5E32-3F23-418A-8DEB-4F50CE332EFC}.Release|Any CPU.ActiveCfg = Release|Any CPU
		{BC7F5E32-3F23-418A-8DEB-4F50CE332EFC}.Release|Any CPU.Build.0 = Release|Any CPU
	EndGlobalSection
	GlobalSection(SolutionProperties) = preSolution
		HideSolutionNode = FALSE
	EndGlobalSection
	GlobalSection(ExtensibilityGlobals) = postSolution
		SolutionGuid = {CFD8377E-9373-41FE-8928-A826F42EA1EC}
	EndGlobalSection
EndGlobal
